<Solution>
  <Folder Name="/docs/">
    <File Path="ADR.md" />
  </Folder>
  <Project Path="Learniverse.API/Learniverse.API.csproj" />
  <Project Path="Learniverse.Application/Learniverse.Application.csproj" />
  <Project Path="Learniverse.Domain/Learniverse.Domain.csproj" />
  <Project Path="Learniverse.Infrastructure/Learniverse.Infrastructure.csproj" />
  <Project Path="Learniverse.Persistence/Learniverse.Persistence.csproj" />
</Solution>
